// !$*UTF8*$!
{
	archiveVersion = 1;
	classes = {
	};
	objectVersion = 46;
	objects = {

/* Begin PBXBuildFile section */
		DF0B382E1C2E31430031F1F2 /* AppDelegate.swift in Sources */ = {isa = PBXBuildFile; fileRef = DF0B382D1C2E31430031F1F2 /* AppDelegate.swift */; };
		DF0B38301C2E31430031F1F2 /* ViewController.swift in Sources */ = {isa = PBXBuildFile; fileRef = DF0B382F1C2E31430031F1F2 /* ViewController.swift */; };
		DF0B38331C2E31430031F1F2 /* Main.storyboard in Resources */ = {isa = PBXBuildFile; fileRef = DF0B38311C2E31430031F1F2 /* Main.storyboard */; };
		DF0B38351C2E31430031F1F2 /* Assets.xcassets in Resources */ = {isa = PBXBuildFile; fileRef = DF0B38341C2E31430031F1F2 /* Assets.xcassets */; };
		DF0B38381C2E31430031F1F2 /* LaunchScreen.storyboard in Resources */ = {isa = PBXBuildFile; fileRef = DF0B38361C2E31430031F1F2 /* LaunchScreen.storyboard */; };
		DF0B38431C2E31430031F1F2 /* TipsterTests.swift in Sources */ = {isa = PBXBuildFile; fileRef = DF0B38421C2E31430031F1F2 /* TipsterTests.swift */; };
		DF0B384E1C2E31430031F1F2 /* TipsterUITests.swift in Sources */ = {isa = PBXBuildFile; fileRef = DF0B384D1C2E31430031F1F2 /* TipsterUITests.swift */; };
/* End PBXBuildFile section */

/* Begin PBXContainerItemProxy section */
		DF0B383F1C2E31430031F1F2 /* PBXContainerItemProxy */ = {
			isa = PBXContainerItemProxy;
			containerPortal = DF0B38221C2E31430031F1F2 /* Project object */;
			proxyType = 1;
			remoteGlobalIDString = DF0B38291C2E31430031F1F2;
			remoteInfo = Tipster;
		};
		DF0B384A1C2E31430031F1F2 /* PBXContainerItemProxy */ = {
			isa = PBXContainerItemProxy;
			containerPortal = DF0B38221C2E31430031F1F2 /* Project object */;
			proxyType = 1;
			remoteGlobalIDString = DF0B38291C2E31430031F1F2;
			remoteInfo = Tipster;
		};
/* End PBXContainerItemProxy section */

/* Begin PBXFileReference section */
		DF0B382A1C2E31430031F1F2 /* Tipster.app */ = {isa = PBXFileReference; explicitFileType = wrapper.application; includeInIndex = 0; path = Tipster.app; sourceTree = BUILT_PRODUCTS_DIR; };
		DF0B382D1C2E31430031F1F2 /* AppDelegate.swift */ = {isa = PBXFileReference; lastKnownFileType = sourcecode.swift; path = AppDelegate.swift; sourceTree = "<group>"; };
		DF0B382F1C2E31430031F1F2 /* ViewController.swift */ = {isa = PBXFileReference; lastKnownFileType = sourcecode.swift; path = ViewController.swift; sourceTree = "<group>"; };
		DF0B38321C2E31430031F1F2 /* Base */ = {isa = PBXFileReference; lastKnownFileType = file.storyboard; name = Base; path = Base.lproj/Main.storyboard; sourceTree = "<group>"; };
		DF0B38341C2E31430031F1F2 /* Assets.xcassets */ = {isa = PBXFileReference; lastKnownFileType = folder.assetcatalog; path = Assets.xcassets; sourceTree = "<group>"; };
		DF0B38371C2E31430031F1F2 /* Base */ = {isa = PBXFileReference; lastKnownFileType = file.storyboard; name = Base; path = Base.lproj/LaunchScreen.storyboard; sourceTree = "<group>"; };
		DF0B38391C2E31430031F1F2 /* Info.plist */ = {isa = PBXFileReference; lastKnownFileType = text.plist.xml; path = Info.plist; sourceTree = "<group>"; };
		DF0B383E1C2E31430031F1F2 /* TipsterTests.xctest */ = {isa = PBXFileReference; explicitFileType = wrapper.cfbundle; includeInIndex = 0; path = TipsterTests.xctest; sourceTree = BUILT_PRODUCTS_DIR; };
		DF0B38421C2E31430031F1F2 /* TipsterTests.swift */ = {isa = PBXFileReference; lastKnownFileType = sourcecode.swift; path = TipsterTests.swift; sourceTree = "<group>"; };
		DF0B38441C2E31430031F1F2 /* Info.plist */ = {isa = PBXFileReference; lastKnownFileType = text.plist.xml; path = Info.plist; sourceTree = "<group>"; };
		DF0B38491C2E31430031F1F2 /* TipsterUITests.xctest */ = {isa = PBXFileReference; explicitFileType = wrapper.cfbundle; includeInIndex = 0; path = TipsterUITests.xctest; sourceTree = BUILT_PRODUCTS_DIR; };
		DF0B384D1C2E31430031F1F2 /* TipsterUITests.swift */ = {isa = PBXFileReference; lastKnownFileType = sourcecode.swift; path = TipsterUITests.swift; sourceTree = "<group>"; };
		DF0B384F1C2E31430031F1F2 /* Info.plist */ = {isa = PBXFileReference; lastKnownFileType = text.plist.xml; path = Info.plist; sourceTree = "<group>"; };
/* End PBXFileReference section */

/* Begin PBXFrameworksBuildPhase section */
		DF0B38271C2E31430031F1F2 /* Frameworks */ = {
			isa = PBXFrameworksBuildPhase;
			buildActionMask = 2147483647;
			files = (
			);
			runOnlyForDeploymentPostprocessing = 0;
		};
		DF0B383B1C2E31430031F1F2 /* Frameworks */ = {
			isa = PBXFrameworksBuildPhase;
			buildActionMask = 2147483647;
			files = (
			);
			runOnlyForDeploymentPostprocessing = 0;
		};
		DF0B38461C2E31430031F1F2 /* Frameworks */ = {
			isa = PBXFrameworksBuildPhase;
			buildActionMask = 2147483647;
			files = (
			);
			runOnlyForDeploymentPostprocessing = 0;
		};
/* End PBXFrameworksBuildPhase section */

/* Begin PBXGroup section */
		DF0B38211C2E31430031F1F2 = {
			isa = PBXGroup;
			children = (
				DF0B382C1C2E31430031F1F2 /* Tipster */,
				DF0B38411C2E31430031F1F2 /* TipsterTests */,
				DF0B384C1C2E31430031F1F2 /* TipsterUITests */,
				DF0B382B1C2E31430031F1F2 /* Products */,
			);
			sourceTree = "<group>";
		};
		DF0B382B1C2E31430031F1F2 /* Products */ = {
			isa = PBXGroup;
			children = (
				DF0B382A1C2E31430031F1F2 /* Tipster.app */,
				DF0B383E1C2E31430031F1F2 /* TipsterTests.xctest */,
				DF0B38491C2E31430031F1F2 /* TipsterUITests.xctest */,
			);
			name = Products;
			sourceTree = "<group>";
		};
		DF0B382C1C2E31430031F1F2 /* Tipster */ = {
			isa = PBXGroup;
			children = (
				DF0B382D1C2E31430031F1F2 /* AppDelegate.swift */,
				DF0B382F1C2E31430031F1F2 /* ViewController.swift */,
				DF0B38311C2E31430031F1F2 /* Main.storyboard */,
				DF0B38341C2E31430031F1F2 /* Assets.xcassets */,
				DF0B38361C2E31430031F1F2 /* LaunchScreen.storyboard */,
				DF0B38391C2E31430031F1F2 /* Info.plist */,
			);
			path = Tipster;
			sourceTree = "<group>";
		};
		DF0B38411C2E31430031F1F2 /* TipsterTests */ = {
			isa = PBXGroup;
			children = (
				DF0B38421C2E31430031F1F2 /* TipsterTests.swift */,
				DF0B38441C2E31430031F1F2 /* Info.plist */,
			);
			path = TipsterTests;
			sourceTree = "<group>";
		};
		DF0B384C1C2E31430031F1F2 /* TipsterUITests */ = {
			isa = PBXGroup;
			children = (
				DF0B384D1C2E31430031F1F2 /* TipsterUITests.swift */,
				DF0B384F1C2E31430031F1F2 /* Info.plist */,
			);
			path = TipsterUITests;
			sourceTree = "<group>";
		};
/* End PBXGroup section */

/* Begin PBXNativeTarget section */
		DF0B38291C2E31430031F1F2 /* Tipster */ = {
			isa = PBXNativeTarget;
			buildConfigurationList = DF0B38521C2E31430031F1F2 /* Build configuration list for PBXNativeTarget "Tipster" */;
			buildPhases = (
				DF0B38261C2E31430031F1F2 /* Sources */,
				DF0B38271C2E31430031F1F2 /* Frameworks */,
				DF0B38281C2E31430031F1F2 /* Resources */,
			);
			buildRules = (
			);
			dependencies = (
			);
			name = Tipster;
			productName = Tipster;
			productReference = DF0B382A1C2E31430031F1F2 /* Tipster.app */;
			productType = "com.apple.product-type.application";
		};
		DF0B383D1C2E31430031F1F2 /* TipsterTests */ = {
			isa = PBXNativeTarget;
			buildConfigurationList = DF0B38551C2E31430031F1F2 /* Build configuration list for PBXNativeTarget "TipsterTests" */;
			buildPhases = (
				DF0B383A1C2E31430031F1F2 /* Sources */,
				DF0B383B1C2E31430031F1F2 /* Frameworks */,
				DF0B383C1C2E31430031F1F2 /* Resources */,
			);
			buildRules = (
			);
			dependencies = (
				DF0B38401C2E31430031F1F2 /* PBXTargetDependency */,
			);
			name = TipsterTests;
			productName = TipsterTests;
			productReference = DF0B383E1C2E31430031F1F2 /* TipsterTests.xctest */;
			productType = "com.apple.product-type.bundle.unit-test";
		};
		DF0B38481C2E31430031F1F2 /* TipsterUITests */ = {
			isa = PBXNativeTarget;
			buildConfigurationList = DF0B38581C2E31430031F1F2 /* Build configuration list for PBXNativeTarget "TipsterUITests" */;
			buildPhases = (
				DF0B38451C2E31430031F1F2 /* Sources */,
				DF0B38461C2E31430031F1F2 /* Frameworks */,
				DF0B38471C2E31430031F1F2 /* Resources */,
			);
			buildRules = (
			);
			dependencies = (
				DF0B384B1C2E31430031F1F2 /* PBXTargetDependency */,
			);
			name = TipsterUITests;
			productName = TipsterUITests;
			productReference = DF0B38491C2E31430031F1F2 /* TipsterUITests.xctest */;
			productType = "com.apple.product-type.bundle.ui-testing";
		};
/* End PBXNativeTarget section */

/* Begin PBXProject section */
		DF0B38221C2E31430031F1F2 /* Project object */ = {
			isa = PBXProject;
			attributes = {
				LastSwiftUpdateCheck = 0720;
				LastUpgradeCheck = 0720;
				ORGANIZATIONNAME = "Parker Robinson Productions";
				TargetAttributes = {
					DF0B38291C2E31430031F1F2 = {
						CreatedOnToolsVersion = 7.2;
					};
					DF0B383D1C2E31430031F1F2 = {
						CreatedOnToolsVersion = 7.2;
						TestTargetID = DF0B38291C2E31430031F1F2;
					};
					DF0B38481C2E31430031F1F2 = {
						CreatedOnToolsVersion = 7.2;
						TestTargetID = DF0B38291C2E31430031F1F2;
					};
				};
			};
			buildConfigurationList = DF0B38251C2E31430031F1F2 /* Build configuration list for PBXProject "Tipster" */;
			compatibilityVersion = "Xcode 3.2";
			developmentRegion = English;
			hasScannedForEncodings = 0;
			knownRegions = (
				en,
				Base,
			);
			mainGroup = DF0B38211C2E31430031F1F2;
			productRefGroup = DF0B382B1C2E31430031F1F2 /* Products */;
			projectDirPath = "";
			projectRoot = "";
			targets = (
				DF0B38291C2E31430031F1F2 /* Tipster */,
				DF0B383D1C2E31430031F1F2 /* TipsterTests */,
				DF0B38481C2E31430031F1F2 /* TipsterUITests */,
			);
		};
/* End PBXProject section */

/* Begin PBXResourcesBuildPhase section */
		DF0B38281C2E31430031F1F2 /* Resources */ = {
			isa = PBXResourcesBuildPhase;
			buildActionMask = 2147483647;
			files = (
				DF0B38381C2E31430031F1F2 /* LaunchScreen.storyboard in Resources */,
				DF0B38351C2E31430031F1F2 /* Assets.xcassets in Resources */,
				DF0B38331C2E31430031F1F2 /* Main.storyboard in Resources */,
			);
			runOnlyForDeploymentPostprocessing = 0;
		};
		DF0B383C1C2E31430031F1F2 /* Resources */ = {
			isa = PBXResourcesBuildPhase;
			buildActionMask = 2147483647;
			files = (
			);
			runOnlyForDeploymentPostprocessing = 0;
		};
		DF0B38471C2E31430031F1F2 /* Resources */ = {
			isa = PBXResourcesBuildPhase;
			buildActionMask = 2147483647;
			files = (
			);
			runOnlyForDeploymentPostprocessing = 0;
		};
/* End PBXResourcesBuildPhase section */

/* Begin PBXSourcesBuildPhase section */
		DF0B38261C2E31430031F1F2 /* Sources */ = {
			isa = PBXSourcesBuildPhase;
			buildActionMask = 2147483647;
			files = (
				DF0B38301C2E31430031F1F2 /* ViewController.swift in Sources */,
				DF0B382E1C2E31430031F1F2 /* AppDelegate.swift in Sources */,
			);
			runOnlyForDeploymentPostprocessing = 0;
		};
		DF0B383A1C2E31430031F1F2 /* Sources */ = {
			isa = PBXSourcesBuildPhase;
			buildActionMask = 2147483647;
			files = (
				DF0B38431C2E31430031F1F2 /* TipsterTests.swift in Sources */,
			);
			runOnlyForDeploymentPostprocessing = 0;
		};
		DF0B38451C2E31430031F1F2 /* Sources */ = {
			isa = PBXSourcesBuildPhase;
			buildActionMask = 2147483647;
			files = (
				DF0B384E1C2E31430031F1F2 /* TipsterUITests.swift in Sources */,
			);
			runOnlyForDeploymentPostprocessing = 0;
		};
/* End PBXSourcesBuildPhase section */

/* Begin PBXTargetDependency section */
		DF0B38401C2E31430031F1F2 /* PBXTargetDependency */ = {
			isa = PBXTargetDependency;
			target = DF0B38291C2E31430031F1F2 /* Tipster */;
			targetProxy = DF0B383F1C2E31430031F1F2 /* PBXContainerItemProxy */;
		};
		DF0B384B1C2E31430031F1F2 /* PBXTargetDependency */ = {
			isa = PBXTargetDependency;
			target = DF0B38291C2E31430031F1F2 /* Tipster */;
			targetProxy = DF0B384A1C2E31430031F1F2 /* PBXContainerItemProxy */;
		};
/* End PBXTargetDependency section */

/* Begin PBXVariantGroup section */
		DF0B38311C2E31430031F1F2 /* Main.storyboard */ = {
			isa = PBXVariantGroup;
			children = (
				DF0B38321C2E31430031F1F2 /* Base */,
			);
			name = Main.storyboard;
			sourceTree = "<group>";
		};
		DF0B38361C2E31430031F1F2 /* LaunchScreen.storyboard */ = {
			isa = PBXVariantGroup;
			children = (
				DF0B38371C2E31430031F1F2 /* Base */,
			);
			name = LaunchScreen.storyboard;
			sourceTree = "<group>";
		};
/* End PBXVariantGroup section */

/* Begin XCBuildConfiguration section */
		DF0B38501C2E31430031F1F2 /* Debug */ = {
			isa = XCBuildConfiguration;
			buildSettings = {
				ALWAYS_SEARCH_USER_PATHS = NO;
				CLANG_CXX_LANGUAGE_STANDARD = "gnu++0x";
				CLANG_CXX_LIBRARY = "libc++";
				CLANG_ENABLE_MODULES = YES;
				CLANG_ENABLE_OBJC_ARC = YES;
				CLANG_WARN_BOOL_CONVERSION = YES;
				CLANG_WARN_CONSTANT_CONVERSION = YES;
				CLANG_WARN_DIRECT_OBJC_ISA_USAGE = YES_ERROR;
				CLANG_WARN_EMPTY_BODY = YES;
				CLANG_WARN_ENUM_CONVERSION = YES;
				CLANG_WARN_INT_CONVERSION = YES;
				CLANG_WARN_OBJC_ROOT_CLASS = YES_ERROR;
				CLANG_WARN_UNREACHABLE_CODE = YES;
				CLANG_WARN__DUPLICATE_METHOD_MATCH = YES;
				"CODE_SIGN_IDENTITY[sdk=iphoneos*]" = "iPhone Developer";
				COPY_PHASE_STRIP = NO;
				DEBUG_INFORMATION_FORMAT = dwarf;
				ENABLE_STRICT_OBJC_MSGSEND = YES;
				ENABLE_TESTABILITY = YES;
				GCC_C_LANGUAGE_STANDARD = gnu99;
				GCC_DYNAMIC_NO_PIC = NO;
				GCC_NO_COMMON_BLOCKS = YES;
				GCC_OPTIMIZATION_LEVEL = 0;
				GCC_PREPROCESSOR_DEFINITIONS = (
					"DEBUG=1",
					"$(inherited)",
				);
				GCC_WARN_64_TO_32_BIT_CONVERSION = YES;
				GCC_WARN_ABOUT_RETURN_TYPE = YES_ERROR;
				GCC_WARN_UNDECLARED_SELECTOR = YES;
				GCC_WARN_UNINITIALIZED_AUTOS = YES_AGGRESSIVE;
				GCC_WARN_UNUSED_FUNCTION = YES;
				GCC_WARN_UNUSED_VARIABLE = YES;
				IPHONEOS_DEPLOYMENT_TARGET = 9.2;
				MTL_ENABLE_DEBUG_INFO = YES;
				ONLY_ACTIVE_ARCH = YES;
				SDKROOT = iphoneos;
				SWIFT_OPTIMIZATION_LEVEL = "-Onone";
			};
			name = Debug;
		};
		DF0B38511C2E31430031F1F2 /* Release */ = {
			isa = XCBuildConfiguration;
			buildSettings = {
				ALWAYS_SEARCH_USER_PATHS = NO;
				CLANG_CXX_LANGUAGE_STANDARD = "gnu++0x";
				CLANG_CXX_LIBRARY = "libc++";
				CLANG_ENABLE_MODULES = YES;
				CLANG_ENABLE_OBJC_ARC = YES;
				CLANG_WARN_BOOL_CONVERSION = YES;
				CLANG_WARN_CONSTANT_CONVERSION = YES;
				CLANG_WARN_DIRECT_OBJC_ISA_USAGE = YES_ERROR;
				CLANG_WARN_EMPTY_BODY = YES;
				CLANG_WARN_ENUM_CONVERSION = YES;
				CLANG_WARN_INT_CONVERSION = YES;
				CLANG_WARN_OBJC_ROOT_CLASS = YES_ERROR;
				CLANG_WARN_UNREACHABLE_CODE = YES;
				CLANG_WARN__DUPLICATE_METHOD_MATCH = YES;
				"CODE_SIGN_IDENTITY[sdk=iphoneos*]" = "iPhone Developer";
				COPY_PHASE_STRIP = NO;
				DEBUG_INFORMATION_FORMAT = "dwarf-with-dsym";
				ENABLE_NS_ASSERTIONS = NO;
				ENABLE_STRICT_OBJC_MSGSEND = YES;
				GCC_C_LANGUAGE_STANDARD = gnu99;
				GCC_NO_COMMON_BLOCKS = YES;
				GCC_WARN_64_TO_32_BIT_CONVERSION = YES;
				GCC_WARN_ABOUT_RETURN_TYPE = YES_ERROR;
				GCC_WARN_UNDECLARED_SELECTOR = YES;
				GCC_WARN_UNINITIALIZED_AUTOS = YES_AGGRESSIVE;
				GCC_WARN_UNUSED_FUNCTION = YES;
				GCC_WARN_UNUSED_VARIABLE = YES;
				IPHONEOS_DEPLOYMENT_TARGET = 9.2;
				MTL_ENABLE_DEBUG_INFO = NO;
				SDKROOT = iphoneos;
				VALIDATE_PRODUCT = YES;
			};
			name = Release;
		};
		DF0B38531C2E31430031F1F2 /* Debug */ = {
			isa = XCBuildConfiguration;
			buildSettings = {
				ASSETCATALOG_COMPILER_APPICON_NAME = AppIcon;
				INFOPLIST_FILE = Tipster/Info.plist;
				LD_RUNPATH_SEARCH_PATHS = "$(inherited) @executable_path/Frameworks";
				PRODUCT_BUNDLE_IDENTIFIER = ParkerRobinsonProductions.Tipster;
				PRODUCT_NAME = "$(TARGET_NAME)";
			};
			name = Debug;
		};
		DF0B38541C2E31430031F1F2 /* Release */ = {
			isa = XCBuildConfiguration;
			buildSettings = {
				ASSETCATALOG_COMPILER_APPICON_NAME = AppIcon;
				INFOPLIST_FILE = Tipster/Info.plist;
				LD_RUNPATH_SEARCH_PATHS = "$(inherited) @executable_path/Frameworks";
				PRODUCT_BUNDLE_IDENTIFIER = ParkerRobinsonProductions.Tipster;
				PRODUCT_NAME = "$(TARGET_NAME)";
			};
			name = Release;
		};
		DF0B38561C2E31430031F1F2 /* Debug */ = {
			isa = XCBuildConfiguration;
			buildSettings = {
				BUNDLE_LOADER = "$(TEST_HOST)";
				INFOPLIST_FILE = TipsterTests/Info.plist;
				LD_RUNPATH_SEARCH_PATHS = "$(inherited) @executable_path/Frameworks @loader_path/Frameworks";
				PRODUCT_BUNDLE_IDENTIFIER = ParkerRobinsonProductions.TipsterTests;
				PRODUCT_NAME = "$(TARGET_NAME)";
				TEST_HOST = "$(BUILT_PRODUCTS_DIR)/Tipster.app/Tipster";
			};
			name = Debug;
		};
		DF0B38571C2E31430031F1F2 /* Release */ = {
			isa = XCBuildConfiguration;
			buildSettings = {
				BUNDLE_LOADER = "$(TEST_HOST)";
				INFOPLIST_FILE = TipsterTests/Info.plist;
				LD_RUNPATH_SEARCH_PATHS = "$(inherited) @executable_path/Frameworks @loader_path/Frameworks";
				PRODUCT_BUNDLE_IDENTIFIER = ParkerRobinsonProductions.TipsterTests;
				PRODUCT_NAME = "$(TARGET_NAME)";
				TEST_HOST = "$(BUILT_PRODUCTS_DIR)/Tipster.app/Tipster";
			};
			name = Release;
		};
		DF0B38591C2E31430031F1F2 /* Debug */ = {
			isa = XCBuildConfiguration;
			buildSettings = {
				INFOPLIST_FILE = TipsterUITests/Info.plist;
				LD_RUNPATH_SEARCH_PATHS = "$(inherited) @executable_path/Frameworks @loader_path/Frameworks";
				PRODUCT_BUNDLE_IDENTIFIER = ParkerRobinsonProductions.TipsterUITests;
				PRODUCT_NAME = "$(TARGET_NAME)";
				TEST_TARGET_NAME = Tipster;
				USES_XCTRUNNER = YES;
			};
			name = Debug;
		};
		DF0B385A1C2E31430031F1F2 /* Release */ = {
			isa = XCBuildConfiguration;
			buildSettings = {
				INFOPLIST_FILE = TipsterUITests/Info.plist;
				LD_RUNPATH_SEARCH_PATHS = "$(inherited) @executable_path/Frameworks @loader_path/Frameworks";
				PRODUCT_BUNDLE_IDENTIFIER = ParkerRobinsonProductions.TipsterUITests;
				PRODUCT_NAME = "$(TARGET_NAME)";
				TEST_TARGET_NAME = Tipster;
				USES_XCTRUNNER = YES;
			};
			name = Release;
		};
/* End XCBuildConfiguration section */

/* Begin XCConfigurationList section */
		DF0B38251C2E31430031F1F2 /* Build configuration list for PBXProject "Tipster" */ = {
			isa = XCConfigurationList;
			buildConfigurations = (
				DF0B38501C2E31430031F1F2 /* Debug */,
				DF0B38511C2E31430031F1F2 /* Release */,
			);
			defaultConfigurationIsVisible = 0;
			defaultConfigurationName = Release;
		};
		DF0B38521C2E31430031F1F2 /* Build configuration list for PBXNativeTarget "Tipster" */ = {
			isa = XCConfigurationList;
			buildConfigurations = (
				DF0B38531C2E31430031F1F2 /* Debug */,
				DF0B38541C2E31430031F1F2 /* Release */,
			);
			defaultConfigurationIsVisible = 0;
		};
		DF0B38551C2E31430031F1F2 /* Build configuration list for PBXNativeTarget "TipsterTests" */ = {
			isa = XCConfigurationList;
			buildConfigurations = (
				DF0B38561C2E31430031F1F2 /* Debug */,
				DF0B38571C2E31430031F1F2 /* Release */,
			);
			defaultConfigurationIsVisible = 0;
		};
		DF0B38581C2E31430031F1F2 /* Build configuration list for PBXNativeTarget "TipsterUITests" */ = {
			isa = XCConfigurationList;
			buildConfigurations = (
				DF0B38591C2E31430031F1F2 /* Debug */,
				DF0B385A1C2E31430031F1F2 /* Release */,
			);
			defaultConfigurationIsVisible = 0;
		};
/* End XCConfigurationList section */
	};
	rootObject = DF0B38221C2E31430031F1F2 /* Project object */;
}
